
Microsoft Visual Studio Solution File, Format Version 12.00
# Visual Studio Version 17
VisualStudioVersion = 17.1.31911.260
MinimumVisualStudioVersion = 10.0.40219.1
Project("{9A19103F-16F7-4668-BE54-9A1E7A4F7556}") = "HslStudio.Scada", "App\HslStudio.Scada\HslStudio.Scada\HslStudio.Scada.csproj", "{EBFA8512-1EA5-4D8C-B4AC-AB5B48A6D568}"
EndProject
Project("{9A19103F-16F7-4668-BE54-9A1E7A4F7556}") = "HslStudio.Scada.NetCore", "App\HslStudio.Scada\HslStudio.Scada.NetCore\HslStudio.Scada.NetCore.csproj", "{ABC31E74-02FF-46EB-B3B2-4E6AE43B456C}"
EndProject
Project("{9A19103F-16F7-4668-BE54-9A1E7A4F7556}") = "HslStudio.Scada.Web", "App\HslStudio.Scada\HslStudio.Scada.Web\HslStudio.Scada.Web.csproj", "{1C1A049E-235C-4CD0-B6FA-D53AC418F4DA}"
EndProject
Project("{2150E333-8FDC-42A3-9474-1A3956D46DE8}") = "App", "App", "{6D151D10-9C98-462D-8807-2DA1DD520924}"
EndProject
Project("{2150E333-8FDC-42A3-9474-1A3956D46DE8}") = "Controls", "Controls", "{43E76007-4A5D-4B9B-AD33-6C8122DF1F41}"
EndProject
Project("{2150E333-8FDC-42A3-9474-1A3956D46DE8}") = "Library", "Library", "{1B1AFB8E-CA54-4CCF-A643-02B17E907CEA}"
EndProject
Project("{FAE04EC0-301F-11D3-BF4B-00C04F79EFBC}") = "HslStudio.HslControls", "Controls\HslStudio.HslControls\HslStudio.HslControls.csproj", "{52F1E270-FE05-496B-9769-DD6ECDA4368C}"
EndProject
Project("{FAE04EC0-301F-11D3-BF4B-00C04F79EFBC}") = "HslStudio.HslControls.Feed", "Controls\HslStudio.HslControls.Feed\HslStudio.HslControls.Feed.csproj", "{F5EA38B5-E953-42EA-A7B9-7E982A8F6524}"
EndProject
Project("{2150E333-8FDC-42A3-9474-1A3956D46DE8}") = "ScadeControls", "ScadeControls", "{F2972E76-B8AE-4740-97A3-4D50E6F6362C}"
EndProject
Project("{FAE04EC0-301F-11D3-BF4B-00C04F79EFBC}") = "HslStudio.ScadeControls", "Controls\ScadeControls\HslStudio.ScadeControls\HslStudio.ScadeControls.csproj", "{EB8EE64C-5657-498C-AD92-0271BB985166}"
EndProject
Project("{FAE04EC0-301F-11D3-BF4B-00C04F79EFBC}") = "HslStudio.ScadeControls.Feed", "Controls\ScadeControls\HslStudio.ScadeControls.Feed\HslStudio.ScadeControls.Feed.csproj", "{3D5CB0B4-9E8D-4DD7-AA76-1530B520D5E8}"
EndProject
Project("{2150E333-8FDC-42A3-9474-1A3956D46DE8}") = "Converter", "Converter", "{5BC9B621-5073-4732-82CC-668D269795F2}"
EndProject
Project("{FAE04EC0-301F-11D3-BF4B-00C04F79EFBC}") = "HslStudio.HMIControls.Converter", "Controls\Converter\HslStudio.HMIControls.Converter\HslStudio.HMIControls.Converter.csproj", "{00671B29-527E-4815-BFE4-E56B18F0DB19}"
EndProject
Project("{FAE04EC0-301F-11D3-BF4B-00C04F79EFBC}") = "HslStudio.Bll", "Library\HslStudio.Bll\HslStudio.Bll.csproj", "{20E7BCF6-C4F7-48E5-975D-FD9EABC673BD}"
EndProject
Project("{FAE04EC0-301F-11D3-BF4B-00C04F79EFBC}") = "HslStudio.ClassLibrary", "Library\HslStudio.ClassLibrary\HslStudio.ClassLibrary.csproj", "{7CCFCCE8-D3C3-404C-AA16-5B2154DB2B68}"
EndProject
Project("{FAE04EC0-301F-11D3-BF4B-00C04F79EFBC}") = "HslStudio.Com", "Library\HslStudio.Com\HslStudio.Com.csproj", "{635FC887-54BC-4F74-8694-18161D6B83B6}"
EndProject
Global
	GlobalSection(SolutionConfigurationPlatforms) = preSolution
		Debug|Any CPU = Debug|Any CPU
		Release|Any CPU = Release|Any CPU
	EndGlobalSection
	GlobalSection(ProjectConfigurationPlatforms) = postSolution
		{EBFA8512-1EA5-4D8C-B4AC-AB5B48A6D568}.Debug|Any CPU.ActiveCfg = Debug|Any CPU
		{EBFA8512-1EA5-4D8C-B4AC-AB5B48A6D568}.Debug|Any CPU.Build.0 = Debug|Any CPU
		{EBFA8512-1EA5-4D8C-B4AC-AB5B48A6D568}.Release|Any CPU.ActiveCfg = Release|Any CPU
		{EBFA8512-1EA5-4D8C-B4AC-AB5B48A6D568}.Release|Any CPU.Build.0 = Release|Any CPU
		{ABC31E74-02FF-46EB-B3B2-4E6AE43B456C}.Debug|Any CPU.ActiveCfg = Debug|Any CPU
		{ABC31E74-02FF-46EB-B3B2-4E6AE43B456C}.Debug|Any CPU.Build.0 = Debug|Any CPU
		{ABC31E74-02FF-46EB-B3B2-4E6AE43B456C}.Release|Any CPU.ActiveCfg = Release|Any CPU
		{ABC31E74-02FF-46EB-B3B2-4E6AE43B456C}.Release|Any CPU.Build.0 = Release|Any CPU
		{1C1A049E-235C-4CD0-B6FA-D53AC418F4DA}.Debug|Any CPU.ActiveCfg = Debug|Any CPU
		{1C1A049E-235C-4CD0-B6FA-D53AC418F4DA}.Debug|Any CPU.Build.0 = Debug|Any CPU
		{1C1A049E-235C-4CD0-B6FA-D53AC418F4DA}.Release|Any CPU.ActiveCfg = Release|Any CPU
		{1C1A049E-235C-4CD0-B6FA-D53AC418F4DA}.Release|Any CPU.Build.0 = Release|Any CPU
		{52F1E270-FE05-496B-9769-DD6ECDA4368C}.Debug|Any CPU.ActiveCfg = Debug|Any CPU
		{52F1E270-FE05-496B-9769-DD6ECDA4368C}.Debug|Any CPU.Build.0 = Debug|Any CPU
		{52F1E270-FE05-496B-9769-DD6ECDA4368C}.Release|Any CPU.ActiveCfg = Release|Any CPU
		{52F1E270-FE05-496B-9769-DD6ECDA4368C}.Release|Any CPU.Build.0 = Release|Any CPU
		{F5EA38B5-E953-42EA-A7B9-7E982A8F6524}.Debug|Any CPU.ActiveCfg = Debug|Any CPU
		{F5EA38B5-E953-42EA-A7B9-7E982A8F6524}.Debug|Any CPU.Build.0 = Debug|Any CPU
		{F5EA38B5-E953-42EA-A7B9-7E982A8F6524}.Release|Any CPU.ActiveCfg = Release|Any CPU
		{F5EA38B5-E953-42EA-A7B9-7E982A8F6524}.Release|Any CPU.Build.0 = Release|Any CPU
		{EB8EE64C-5657-498C-AD92-0271BB985166}.Debug|Any CPU.ActiveCfg = Debug|Any CPU
		{EB8EE64C-5657-498C-AD92-0271BB985166}.Debug|Any CPU.Build.0 = Debug|Any CPU
		{EB8EE64C-5657-498C-AD92-0271BB985166}.Release|Any CPU.ActiveCfg = Release|Any CPU
		{EB8EE64C-5657-498C-AD92-0271BB985166}.Release|Any CPU.Build.0 = Release|Any CPU
		{3D5CB0B4-9E8D-4DD7-AA76-1530B520D5E8}.Debug|Any CPU.ActiveCfg = Debug|Any CPU
		{3D5CB0B4-9E8D-4DD7-AA76-1530B520D5E8}.Debug|Any CPU.Build.0 = Debug|Any CPU
		{3D5CB0B4-9E8D-4DD7-AA76-1530B520D5E8}.Release|Any CPU.ActiveCfg = Release|Any CPU
		{3D5CB0B4-9E8D-4DD7-AA76-1530B520D5E8}.Release|Any CPU.Build.0 = Release|Any CPU
		{00671B29-527E-4815-BFE4-E56B18F0DB19}.Debug|Any CPU.ActiveCfg = Debug|Any CPU
		{00671B29-527E-4815-BFE4-E56B18F0DB19}.Debug|Any CPU.Build.0 = Debug|Any CPU
		{00671B29-527E-4815-BFE4-E56B18F0DB19}.Release|Any CPU.ActiveCfg = Release|Any CPU
		{00671B29-527E-4815-BFE4-E56B18F0DB19}.Release|Any CPU.Build.0 = Release|Any CPU
		{20E7BCF6-C4F7-48E5-975D-FD9EABC673BD}.Debug|Any CPU.ActiveCfg = Debug|Any CPU
		{20E7BCF6-C4F7-48E5-975D-FD9EABC673BD}.Debug|Any CPU.Build.0 = Debug|Any CPU
		{20E7BCF6-C4F7-48E5-975D-FD9EABC673BD}.Release|Any CPU.ActiveCfg = Release|Any CPU
		{20E7BCF6-C4F7-48E5-975D-FD9EABC673BD}.Release|Any CPU.Build.0 = Release|Any CPU
		{7CCFCCE8-D3C3-404C-AA16-5B2154DB2B68}.Debug|Any CPU.ActiveCfg = Debug|Any CPU
		{7CCFCCE8-D3C3-404C-AA16-5B2154DB2B68}.Debug|Any CPU.Build.0 = Debug|Any CPU
		{7CCFCCE8-D3C3-404C-AA16-5B2154DB2B68}.Release|Any CPU.ActiveCfg = Release|Any CPU
		{7CCFCCE8-D3C3-404C-AA16-5B2154DB2B68}.Release|Any CPU.Build.0 = Release|Any CPU
		{635FC887-54BC-4F74-8694-18161D6B83B6}.Debug|Any CPU.ActiveCfg = Debug|Any CPU
		{635FC887-54BC-4F74-8694-18161D6B83B6}.Debug|Any CPU.Build.0 = Debug|Any CPU
		{635FC887-54BC-4F74-8694-18161D6B83B6}.Release|Any CPU.ActiveCfg = Release|Any CPU
		{635FC887-54BC-4F74-8694-18161D6B83B6}.Release|Any CPU.Build.0 = Release|Any CPU
	EndGlobalSection
	GlobalSection(SolutionProperties) = preSolution
		HideSolutionNode = FALSE
	EndGlobalSection
	GlobalSection(NestedProjects) = preSolution
		{EBFA8512-1EA5-4D8C-B4AC-AB5B48A6D568} = {6D151D10-9C98-462D-8807-2DA1DD520924}
		{ABC31E74-02FF-46EB-B3B2-4E6AE43B456C} = {6D151D10-9C98-462D-8807-2DA1DD520924}
		{1C1A049E-235C-4CD0-B6FA-D53AC418F4DA} = {6D151D10-9C98-462D-8807-2DA1DD520924}
		{52F1E270-FE05-496B-9769-DD6ECDA4368C} = {43E76007-4A5D-4B9B-AD33-6C8122DF1F41}
		{F5EA38B5-E953-42EA-A7B9-7E982A8F6524} = {43E76007-4A5D-4B9B-AD33-6C8122DF1F41}
		{F2972E76-B8AE-4740-97A3-4D50E6F6362C} = {43E76007-4A5D-4B9B-AD33-6C8122DF1F41}
		{EB8EE64C-5657-498C-AD92-0271BB985166} = {F2972E76-B8AE-4740-97A3-4D50E6F6362C}
		{3D5CB0B4-9E8D-4DD7-AA76-1530B520D5E8} = {F2972E76-B8AE-4740-97A3-4D50E6F6362C}
		{5BC9B621-5073-4732-82CC-668D269795F2} = {43E76007-4A5D-4B9B-AD33-6C8122DF1F41}
		{00671B29-527E-4815-BFE4-E56B18F0DB19} = {5BC9B621-5073-4732-82CC-668D269795F2}
		{20E7BCF6-C4F7-48E5-975D-FD9EABC673BD} = {1B1AFB8E-CA54-4CCF-A643-02B17E907CEA}
		{7CCFCCE8-D3C3-404C-AA16-5B2154DB2B68} = {1B1AFB8E-CA54-4CCF-A643-02B17E907CEA}
		{635FC887-54BC-4F74-8694-18161D6B83B6} = {1B1AFB8E-CA54-4CCF-A643-02B17E907CEA}
	EndGlobalSection
	GlobalSection(ExtensibilityGlobals) = postSolution
		SolutionGuid = {95D53249-49F5-45E0-9B77-5CD40A43E4CF}
	EndGlobalSection
EndGlobal
